// !$*UTF8*$!
{
	archiveVersion = 1;
	classes = {
	};
	objectVersion = 50;
	objects = {

/* Begin PBXBuildFile section */
		4897722027E2CD09008C3412 /* AppDelegate.swift in Sources */ = {isa = PBXBuildFile; fileRef = 4897721F27E2CD09008C3412 /* AppDelegate.swift */; };
		4897722227E2CD09008C3412 /* SceneDelegate.swift in Sources */ = {isa = PBXBuildFile; fileRef = 4897722127E2CD09008C3412 /* SceneDelegate.swift */; };
		4897722427E2CD09008C3412 /* ArticlesViewController.swift in Sources */ = {isa = PBXBuildFile; fileRef = 4897722327E2CD09008C3412 /* ArticlesViewController.swift */; };
		4897722927E2CD0A008C3412 /* Assets.xcassets in Resources */ = {isa = PBXBuildFile; fileRef = 4897722827E2CD0A008C3412 /* Assets.xcassets */; };
		4897722C27E2CD0A008C3412 /* LaunchScreen.storyboard in Resources */ = {isa = PBXBuildFile; fileRef = 4897722A27E2CD0A008C3412 /* LaunchScreen.storyboard */; };
		4897723727E2CED5008C3412 /* UIView_Pin.swift in Sources */ = {isa = PBXBuildFile; fileRef = 4897723627E2CED5008C3412 /* UIView_Pin.swift */; };
		4897724C27E32B9D008C3412 /* ArticleModel.swift in Sources */ = {isa = PBXBuildFile; fileRef = 4897724B27E32B9D008C3412 /* ArticleModel.swift */; };
		4897725127E33310008C3412 /* ArticlesInteractor.swift in Sources */ = {isa = PBXBuildFile; fileRef = 4897725027E33310008C3412 /* ArticlesInteractor.swift */; };
		4897725427E3332A008C3412 /* ArticlesPresenter.swift in Sources */ = {isa = PBXBuildFile; fileRef = 4897725327E3332A008C3412 /* ArticlesPresenter.swift */; };
		4897725727E3349D008C3412 /* ArticleCellModel.swift in Sources */ = {isa = PBXBuildFile; fileRef = 4897725627E3349D008C3412 /* ArticleCellModel.swift */; };
		4897725A27E33658008C3412 /* ArticlesAssembly.swift in Sources */ = {isa = PBXBuildFile; fileRef = 4897725927E33658008C3412 /* ArticlesAssembly.swift */; };
		4897725D27E33769008C3412 /* ArticlePage.swift in Sources */ = {isa = PBXBuildFile; fileRef = 4897725C27E33769008C3412 /* ArticlePage.swift */; };
		4897726227E33848008C3412 /* ArticleWorker.swift in Sources */ = {isa = PBXBuildFile; fileRef = 4897726127E33848008C3412 /* ArticleWorker.swift */; };
		4897726527E34E1D008C3412 /* ArticleCell.swift in Sources */ = {isa = PBXBuildFile; fileRef = 4897726427E34E1D008C3412 /* ArticleCell.swift */; };
/* End PBXBuildFile section */

/* Begin PBXFileReference section */
		4897721C27E2CD09008C3412 /* vazhuravlev_3PW5.app */ = {isa = PBXFileReference; explicitFileType = wrapper.application; includeInIndex = 0; path = vazhuravlev_3PW5.app; sourceTree = BUILT_PRODUCTS_DIR; };
		4897721F27E2CD09008C3412 /* AppDelegate.swift */ = {isa = PBXFileReference; lastKnownFileType = sourcecode.swift; path = AppDelegate.swift; sourceTree = "<group>"; };
		4897722127E2CD09008C3412 /* SceneDelegate.swift */ = {isa = PBXFileReference; lastKnownFileType = sourcecode.swift; path = SceneDelegate.swift; sourceTree = "<group>"; };
		4897722327E2CD09008C3412 /* ArticlesViewController.swift */ = {isa = PBXFileReference; lastKnownFileType = sourcecode.swift; path = ArticlesViewController.swift; sourceTree = "<group>"; };
		4897722827E2CD0A008C3412 /* Assets.xcassets */ = {isa = PBXFileReference; lastKnownFileType = folder.assetcatalog; path = Assets.xcassets; sourceTree = "<group>"; };
		4897722B27E2CD0A008C3412 /* Base */ = {isa = PBXFileReference; lastKnownFileType = file.storyboard; name = Base; path = Base.lproj/LaunchScreen.storyboard; sourceTree = "<group>"; };
		4897722D27E2CD0A008C3412 /* Info.plist */ = {isa = PBXFileReference; lastKnownFileType = text.plist.xml; path = Info.plist; sourceTree = "<group>"; };
		4897723627E2CED5008C3412 /* UIView_Pin.swift */ = {isa = PBXFileReference; fileEncoding = 4; lastKnownFileType = sourcecode.swift; path = UIView_Pin.swift; sourceTree = "<group>"; };
		4897723927E2D052008C3412 /* README.md */ = {isa = PBXFileReference; lastKnownFileType = net.daringfireball.markdown; path = README.md; sourceTree = "<group>"; };
		4897724B27E32B9D008C3412 /* ArticleModel.swift */ = {isa = PBXFileReference; lastKnownFileType = sourcecode.swift; path = ArticleModel.swift; sourceTree = "<group>"; };
		4897725027E33310008C3412 /* ArticlesInteractor.swift */ = {isa = PBXFileReference; lastKnownFileType = sourcecode.swift; path = ArticlesInteractor.swift; sourceTree = "<group>"; };
		4897725327E3332A008C3412 /* ArticlesPresenter.swift */ = {isa = PBXFileReference; lastKnownFileType = sourcecode.swift; path = ArticlesPresenter.swift; sourceTree = "<group>"; };
		4897725627E3349D008C3412 /* ArticleCellModel.swift */ = {isa = PBXFileReference; lastKnownFileType = sourcecode.swift; path = ArticleCellModel.swift; sourceTree = "<group>"; };
		4897725927E33658008C3412 /* ArticlesAssembly.swift */ = {isa = PBXFileReference; lastKnownFileType = sourcecode.swift; path = ArticlesAssembly.swift; sourceTree = "<group>"; };
		4897725C27E33769008C3412 /* ArticlePage.swift */ = {isa = PBXFileReference; lastKnownFileType = sourcecode.swift; path = ArticlePage.swift; sourceTree = "<group>"; };
		4897726127E33848008C3412 /* ArticleWorker.swift */ = {isa = PBXFileReference; lastKnownFileType = sourcecode.swift; path = ArticleWorker.swift; sourceTree = "<group>"; };
		4897726427E34E1D008C3412 /* ArticleCell.swift */ = {isa = PBXFileReference; lastKnownFileType = sourcecode.swift; path = ArticleCell.swift; sourceTree = "<group>"; };
/* End PBXFileReference section */

/* Begin PBXFrameworksBuildPhase section */
		4897721927E2CD09008C3412 /* Frameworks */ = {
			isa = PBXFrameworksBuildPhase;
			buildActionMask = 2147483647;
			files = (
			);
			runOnlyForDeploymentPostprocessing = 0;
		};
/* End PBXFrameworksBuildPhase section */

/* Begin PBXGroup section */
		4897721327E2CD09008C3412 = {
			isa = PBXGroup;
			children = (
				4897723927E2D052008C3412 /* README.md */,
				4897721E27E2CD09008C3412 /* vazhuravlev_3PW5 */,
				4897721D27E2CD09008C3412 /* Products */,
			);
			sourceTree = "<group>";
		};
		4897721D27E2CD09008C3412 /* Products */ = {
			isa = PBXGroup;
			children = (
				4897721C27E2CD09008C3412 /* vazhuravlev_3PW5.app */,
			);
			name = Products;
			sourceTree = "<group>";
		};
		4897721E27E2CD09008C3412 /* vazhuravlev_3PW5 */ = {
			isa = PBXGroup;
			children = (
				4897723627E2CED5008C3412 /* UIView_Pin.swift */,
				4897721F27E2CD09008C3412 /* AppDelegate.swift */,
				4897722127E2CD09008C3412 /* SceneDelegate.swift */,
				4897724A27E32B92008C3412 /* Models */,
				4897726027E33837008C3412 /* Workers */,
				4897723B27E32ABE008C3412 /* ArticlesScene */,
				4897722827E2CD0A008C3412 /* Assets.xcassets */,
				4897722A27E2CD0A008C3412 /* LaunchScreen.storyboard */,
				4897722D27E2CD0A008C3412 /* Info.plist */,
			);
			path = vazhuravlev_3PW5;
			sourceTree = "<group>";
		};
		4897723B27E32ABE008C3412 /* ArticlesScene */ = {
			isa = PBXGroup;
			children = (
				4897726427E34E1D008C3412 /* ArticleCell.swift */,
				4897722327E2CD09008C3412 /* ArticlesViewController.swift */,
				4897725027E33310008C3412 /* ArticlesInteractor.swift */,
				4897725327E3332A008C3412 /* ArticlesPresenter.swift */,
				4897725927E33658008C3412 /* ArticlesAssembly.swift */,
			);
			path = ArticlesScene;
			sourceTree = "<group>";
		};
		4897724A27E32B92008C3412 /* Models */ = {
			isa = PBXGroup;
			children = (
				4897725C27E33769008C3412 /* ArticlePage.swift */,
				4897724B27E32B9D008C3412 /* ArticleModel.swift */,
				4897725627E3349D008C3412 /* ArticleCellModel.swift */,
			);
			path = Models;
			sourceTree = "<group>";
		};
		4897726027E33837008C3412 /* Workers */ = {
			isa = PBXGroup;
			children = (
				4897726127E33848008C3412 /* ArticleWorker.swift */,
			);
			path = Workers;
			sourceTree = "<group>";
		};
/* End PBXGroup section */

/* Begin PBXNativeTarget section */
		4897721B27E2CD09008C3412 /* vazhuravlev_3PW5 */ = {
			isa = PBXNativeTarget;
			buildConfigurationList = 4897723027E2CD0A008C3412 /* Build configuration list for PBXNativeTarget "vazhuravlev_3PW5" */;
			buildPhases = (
				4897721827E2CD09008C3412 /* Sources */,
				4897721927E2CD09008C3412 /* Frameworks */,
				4897721A27E2CD09008C3412 /* Resources */,
			);
			buildRules = (
			);
			dependencies = (
			);
			name = vazhuravlev_3PW5;
			productName = vazhuravlev_3PW5;
			productReference = 4897721C27E2CD09008C3412 /* vazhuravlev_3PW5.app */;
			productType = "com.apple.product-type.application";
		};
/* End PBXNativeTarget section */

/* Begin PBXProject section */
		4897721427E2CD09008C3412 /* Project object */ = {
			isa = PBXProject;
			attributes = {
				LastSwiftUpdateCheck = 1210;
				LastUpgradeCheck = 1210;
				TargetAttributes = {
					4897721B27E2CD09008C3412 = {
						CreatedOnToolsVersion = 12.1;
					};
				};
			};
			buildConfigurationList = 4897721727E2CD09008C3412 /* Build configuration list for PBXProject "vazhuravlev_3PW5" */;
			compatibilityVersion = "Xcode 9.3";
			developmentRegion = en;
			hasScannedForEncodings = 0;
			knownRegions = (
				en,
				Base,
			);
			mainGroup = 4897721327E2CD09008C3412;
			productRefGroup = 4897721D27E2CD09008C3412 /* Products */;
			projectDirPath = "";
			projectRoot = "";
			targets = (
				4897721B27E2CD09008C3412 /* vazhuravlev_3PW5 */,
			);
		};
/* End PBXProject section */

/* Begin PBXResourcesBuildPhase section */
		4897721A27E2CD09008C3412 /* Resources */ = {
			isa = PBXResourcesBuildPhase;
			buildActionMask = 2147483647;
			files = (
				4897722C27E2CD0A008C3412 /* LaunchScreen.storyboard in Resources */,
				4897722927E2CD0A008C3412 /* Assets.xcassets in Resources */,
			);
			runOnlyForDeploymentPostprocessing = 0;
		};
/* End PBXResourcesBuildPhase section */

/* Begin PBXSourcesBuildPhase section */
		4897721827E2CD09008C3412 /* Sources */ = {
			isa = PBXSourcesBuildPhase;
			buildActionMask = 2147483647;
			files = (
				4897722427E2CD09008C3412 /* ArticlesViewController.swift in Sources */,
				4897725D27E33769008C3412 /* ArticlePage.swift in Sources */,
				4897724C27E32B9D008C3412 /* ArticleModel.swift in Sources */,
				4897722027E2CD09008C3412 /* AppDelegate.swift in Sources */,
				4897725127E33310008C3412 /* ArticlesInteractor.swift in Sources */,
				4897725427E3332A008C3412 /* ArticlesPresenter.swift in Sources */,
				4897723727E2CED5008C3412 /* UIView_Pin.swift in Sources */,
				4897725A27E33658008C3412 /* ArticlesAssembly.swift in Sources */,
				4897726527E34E1D008C3412 /* ArticleCell.swift in Sources */,
				4897725727E3349D008C3412 /* ArticleCellModel.swift in Sources */,
				4897722227E2CD09008C3412 /* SceneDelegate.swift in Sources */,
				4897726227E33848008C3412 /* ArticleWorker.swift in Sources */,
			);
			runOnlyForDeploymentPostprocessing = 0;
		};
/* End PBXSourcesBuildPhase section */

/* Begin PBXVariantGroup section */
		4897722A27E2CD0A008C3412 /* LaunchScreen.storyboard */ = {
			isa = PBXVariantGroup;
			children = (
				4897722B27E2CD0A008C3412 /* Base */,
			);
			name = LaunchScreen.storyboard;
			sourceTree = "<group>";
		};
/* End PBXVariantGroup section */

/* Begin XCBuildConfiguration section */
		4897722E27E2CD0A008C3412 /* Debug */ = {
			isa = XCBuildConfiguration;
			buildSettings = {
				ALWAYS_SEARCH_USER_PATHS = NO;
				CLANG_ANALYZER_NONNULL = YES;
				CLANG_ANALYZER_NUMBER_OBJECT_CONVERSION = YES_AGGRESSIVE;
				CLANG_CXX_LANGUAGE_STANDARD = "gnu++14";
				CLANG_CXX_LIBRARY = "libc++";
				CLANG_ENABLE_MODULES = YES;
				CLANG_ENABLE_OBJC_ARC = YES;
				CLANG_ENABLE_OBJC_WEAK = YES;
				CLANG_WARN_BLOCK_CAPTURE_AUTORELEASING = YES;
				CLANG_WARN_BOOL_CONVERSION = YES;
				CLANG_WARN_COMMA = YES;
				CLANG_WARN_CONSTANT_CONVERSION = YES;
				CLANG_WARN_DEPRECATED_OBJC_IMPLEMENTATIONS = YES;
				CLANG_WARN_DIRECT_OBJC_ISA_USAGE = YES_ERROR;
				CLANG_WARN_DOCUMENTATION_COMMENTS = YES;
				CLANG_WARN_EMPTY_BODY = YES;
				CLANG_WARN_ENUM_CONVERSION = YES;
				CLANG_WARN_INFINITE_RECURSION = YES;
				CLANG_WARN_INT_CONVERSION = YES;
				CLANG_WARN_NON_LITERAL_NULL_CONVERSION = YES;
				CLANG_WARN_OBJC_IMPLICIT_RETAIN_SELF = YES;
				CLANG_WARN_OBJC_LITERAL_CONVERSION = YES;
				CLANG_WARN_OBJC_ROOT_CLASS = YES_ERROR;
				CLANG_WARN_QUOTED_INCLUDE_IN_FRAMEWORK_HEADER = YES;
				CLANG_WARN_RANGE_LOOP_ANALYSIS = YES;
				CLANG_WARN_STRICT_PROTOTYPES = YES;
				CLANG_WARN_SUSPICIOUS_MOVE = YES;
				CLANG_WARN_UNGUARDED_AVAILABILITY = YES_AGGRESSIVE;
				CLANG_WARN_UNREACHABLE_CODE = YES;
				CLANG_WARN__DUPLICATE_METHOD_MATCH = YES;
				COPY_PHASE_STRIP = NO;
				DEBUG_INFORMATION_FORMAT = dwarf;
				ENABLE_STRICT_OBJC_MSGSEND = YES;
				ENABLE_TESTABILITY = YES;
				GCC_C_LANGUAGE_STANDARD = gnu11;
				GCC_DYNAMIC_NO_PIC = NO;
				GCC_NO_COMMON_BLOCKS = YES;
				GCC_OPTIMIZATION_LEVEL = 0;
				GCC_PREPROCESSOR_DEFINITIONS = (
					"DEBUG=1",
					"$(inherited)",
				);
				GCC_WARN_64_TO_32_BIT_CONVERSION = YES;
				GCC_WARN_ABOUT_RETURN_TYPE = YES_ERROR;
				GCC_WARN_UNDECLARED_SELECTOR = YES;
				GCC_WARN_UNINITIALIZED_AUTOS = YES_AGGRESSIVE;
				GCC_WARN_UNUSED_FUNCTION = YES;
				GCC_WARN_UNUSED_VARIABLE = YES;
				IPHONEOS_DEPLOYMENT_TARGET = 14.1;
				MTL_ENABLE_DEBUG_INFO = INCLUDE_SOURCE;
				MTL_FAST_MATH = YES;
				ONLY_ACTIVE_ARCH = YES;
				SDKROOT = iphoneos;
				SWIFT_ACTIVE_COMPILATION_CONDITIONS = DEBUG;
				SWIFT_OPTIMIZATION_LEVEL = "-Onone";
			};
			name = Debug;
		};
		4897722F27E2CD0A008C3412 /* Release */ = {
			isa = XCBuildConfiguration;
			buildSettings = {
				ALWAYS_SEARCH_USER_PATHS = NO;
				CLANG_ANALYZER_NONNULL = YES;
				CLANG_ANALYZER_NUMBER_OBJECT_CONVERSION = YES_AGGRESSIVE;
				CLANG_CXX_LANGUAGE_STANDARD = "gnu++14";
				CLANG_CXX_LIBRARY = "libc++";
				CLANG_ENABLE_MODULES = YES;
				CLANG_ENABLE_OBJC_ARC = YES;
				CLANG_ENABLE_OBJC_WEAK = YES;
				CLANG_WARN_BLOCK_CAPTURE_AUTORELEASING = YES;
				CLANG_WARN_BOOL_CONVERSION = YES;
				CLANG_WARN_COMMA = YES;
				CLANG_WARN_CONSTANT_CONVERSION = YES;
				CLANG_WARN_DEPRECATED_OBJC_IMPLEMENTATIONS = YES;
				CLANG_WARN_DIRECT_OBJC_ISA_USAGE = YES_ERROR;
				CLANG_WARN_DOCUMENTATION_COMMENTS = YES;
				CLANG_WARN_EMPTY_BODY = YES;
				CLANG_WARN_ENUM_CONVERSION = YES;
				CLANG_WARN_INFINITE_RECURSION = YES;
				CLANG_WARN_INT_CONVERSION = YES;
				CLANG_WARN_NON_LITERAL_NULL_CONVERSION = YES;
				CLANG_WARN_OBJC_IMPLICIT_RETAIN_SELF = YES;
				CLANG_WARN_OBJC_LITERAL_CONVERSION = YES;
				CLANG_WARN_OBJC_ROOT_CLASS = YES_ERROR;
				CLANG_WARN_QUOTED_INCLUDE_IN_FRAMEWORK_HEADER = YES;
				CLANG_WARN_RANGE_LOOP_ANALYSIS = YES;
				CLANG_WARN_STRICT_PROTOTYPES = YES;
				CLANG_WARN_SUSPICIOUS_MOVE = YES;
				CLANG_WARN_UNGUARDED_AVAILABILITY = YES_AGGRESSIVE;
				CLANG_WARN_UNREACHABLE_CODE = YES;
				CLANG_WARN__DUPLICATE_METHOD_MATCH = YES;
				COPY_PHASE_STRIP = NO;
				DEBUG_INFORMATION_FORMAT = "dwarf-with-dsym";
				ENABLE_NS_ASSERTIONS = NO;
				ENABLE_STRICT_OBJC_MSGSEND = YES;
				GCC_C_LANGUAGE_STANDARD = gnu11;
				GCC_NO_COMMON_BLOCKS = YES;
				GCC_WARN_64_TO_32_BIT_CONVERSION = YES;
				GCC_WARN_ABOUT_RETURN_TYPE = YES_ERROR;
				GCC_WARN_UNDECLARED_SELECTOR = YES;
				GCC_WARN_UNINITIALIZED_AUTOS = YES_AGGRESSIVE;
				GCC_WARN_UNUSED_FUNCTION = YES;
				GCC_WARN_UNUSED_VARIABLE = YES;
				IPHONEOS_DEPLOYMENT_TARGET = 14.1;
				MTL_ENABLE_DEBUG_INFO = NO;
				MTL_FAST_MATH = YES;
				SDKROOT = iphoneos;
				SWIFT_COMPILATION_MODE = wholemodule;
				SWIFT_OPTIMIZATION_LEVEL = "-O";
				VALIDATE_PRODUCT = YES;
			};
			name = Release;
		};
		4897723127E2CD0A008C3412 /* Debug */ = {
			isa = XCBuildConfiguration;
			buildSettings = {
				ASSETCATALOG_COMPILER_APPICON_NAME = AppIcon;
				ASSETCATALOG_COMPILER_GLOBAL_ACCENT_COLOR_NAME = AccentColor;
				CODE_SIGN_STYLE = Automatic;
				DEVELOPMENT_TEAM = 8Y3W67AZM6;
				INFOPLIST_FILE = vazhuravlev_3PW5/Info.plist;
				LD_RUNPATH_SEARCH_PATHS = (
					"$(inherited)",
					"@executable_path/Frameworks",
				);
				PRODUCT_BUNDLE_IDENTIFIER = "ru.hse.vazhuravlev-3PW5";
				PRODUCT_NAME = "$(TARGET_NAME)";
				SWIFT_VERSION = 5.0;
				TARGETED_DEVICE_FAMILY = "1,2";
			};
			name = Debug;
		};
		4897723227E2CD0A008C3412 /* Release */ = {
			isa = XCBuildConfiguration;
			buildSettings = {
				ASSETCATALOG_COMPILER_APPICON_NAME = AppIcon;
				ASSETCATALOG_COMPILER_GLOBAL_ACCENT_COLOR_NAME = AccentColor;
				CODE_SIGN_STYLE = Automatic;
				DEVELOPMENT_TEAM = 8Y3W67AZM6;
				INFOPLIST_FILE = vazhuravlev_3PW5/Info.plist;
				LD_RUNPATH_SEARCH_PATHS = (
					"$(inherited)",
					"@executable_path/Frameworks",
				);
				PRODUCT_BUNDLE_IDENTIFIER = "ru.hse.vazhuravlev-3PW5";
				PRODUCT_NAME = "$(TARGET_NAME)";
				SWIFT_VERSION = 5.0;
				TARGETED_DEVICE_FAMILY = "1,2";
			};
			name = Release;
		};
/* End XCBuildConfiguration section */

/* Begin XCConfigurationList section */
		4897721727E2CD09008C3412 /* Build configuration list for PBXProject "vazhuravlev_3PW5" */ = {
			isa = XCConfigurationList;
			buildConfigurations = (
				4897722E27E2CD0A008C3412 /* Debug */,
				4897722F27E2CD0A008C3412 /* Release */,
			);
			defaultConfigurationIsVisible = 0;
			defaultConfigurationName = Release;
		};
		4897723027E2CD0A008C3412 /* Build configuration list for PBXNativeTarget "vazhuravlev_3PW5" */ = {
			isa = XCConfigurationList;
			buildConfigurations = (
				4897723127E2CD0A008C3412 /* Debug */,
				4897723227E2CD0A008C3412 /* Release */,
			);
			defaultConfigurationIsVisible = 0;
			defaultConfigurationName = Release;
		};
/* End XCConfigurationList section */
	};
	rootObject = 4897721427E2CD09008C3412 /* Project object */;
}
